PODS:
  - Falcon (0.1.0):
    - ISO8601DateFormatter (~> 0.7)
    - Mantle (~> 1.5)
  - ISO8601DateFormatter (0.7)
  - Mantle (1.5.1):
    - Mantle/extobjc (= 1.5.1)
  - Mantle/extobjc (1.5.1)
  - MRProgress/ActivityIndicator (0.8.1):
    - MRProgress/Stopable
  - MRProgress/Blur (0.8.1):
    - MRProgress/Helper
  - MRProgress/Circular (0.8.1):
    - MRProgress/Helper
    - MRProgress/ProgressBaseClass
    - MRProgress/Stopable
  - MRProgress/Helper (0.8.1)
  - MRProgress/Icons (0.8.1)
  - MRProgress/Overlay (0.8.1):
    - MRProgress/ActivityIndicator
    - MRProgress/Blur
    - MRProgress/Circular
    - MRProgress/Helper
    - MRProgress/Icons
  - MRProgress/ProgressBaseClass (0.8.1)
  - MRProgress/Stopable (0.8.1):
    - MRProgress/Helper

DEPENDENCIES:
  - Falcon (from `../`)
  - MRProgress/Overlay (~> 0.8)

EXTERNAL SOURCES:
  Falcon:
    :path: "../"

SPEC CHECKSUMS:
  Falcon: 22f8ee522a8e62690661a210924e060891487ae0
  ISO8601DateFormatter: ab926648eebe497f4d167c0fd083992f959f1274
  Mantle: 1ec9076f091f3a2f95cb2c94939e92dba35c97e1
  MRProgress: 72653f3ffd13c7bbac8c9de1da9bf0249fc2717d

PODFILE CHECKSUM: e2abe299b4b73c66ad2ba9fed9b50c66a84a55d1

COCOAPODS: 1.1.1
