PODS:
  - Falcon (0.1.0):
    - Mantle (~> 1.5)
  - Mantle (1.5.1):
    - Mantle/extobjc (= 1.5.1)
  - Mantle/extobjc (1.5.1)

DEPENDENCIES:
  - Falcon (from `../`)

EXTERNAL SOURCES:
  Falcon:
    :path: ../

SPEC CHECKSUMS:
  Falcon: d9a4b08db96162d9b0c01c309def925fe55ba06c
  Mantle: d7c5ac734579ec751c58fecbf56189853056c58c

COCOAPODS: 0.35.0
